
Microsoft Visual Studio Solution File, Format Version 12.00
# Visual Studio 2013
VisualStudioVersion = 12.0.21005.1
MinimumVisualStudioVersion = 10.0.40219.1
Project("{FAE04EC0-301F-11D3-BF4B-00C04F79EFBC}") = "adressDEMO", "adressDEMO\adressDEMO.csproj", "{C9C46C14-1FF4-452C-9F76-9F593489EF03}"
EndProject
Project("{FAE04EC0-301F-11D3-BF4B-00C04F79EFBC}") = "Dataaccess", "Dataacess\Dataaccess.csproj", "{7871A7C7-36F4-4EBA-8ACC-0184A4E34404}"
EndProject
Global
	GlobalSection(SolutionConfigurationPlatforms) = preSolution
		Debug|Any CPU = Debug|Any CPU
		Release|Any CPU = Release|Any CPU
	EndGlobalSection
	GlobalSection(ProjectConfigurationPlatforms) = postSolution
		{C9C46C14-1FF4-452C-9F76-9F593489EF03}.Debug|Any CPU.ActiveCfg = Debug|Any CPU
		{C9C46C14-1FF4-452C-9F76-9F593489EF03}.Debug|Any CPU.Build.0 = Debug|Any CPU
		{C9C46C14-1FF4-452C-9F76-9F593489EF03}.Release|Any CPU.ActiveCfg = Release|Any CPU
		{C9C46C14-1FF4-452C-9F76-9F593489EF03}.Release|Any CPU.Build.0 = Release|Any CPU
		{7871A7C7-36F4-4EBA-8ACC-0184A4E34404}.Debug|Any CPU.ActiveCfg = Debug|Any CPU
		{7871A7C7-36F4-4EBA-8ACC-0184A4E34404}.Debug|Any CPU.Build.0 = Debug|Any CPU
		{7871A7C7-36F4-4EBA-8ACC-0184A4E34404}.Release|Any CPU.ActiveCfg = Release|Any CPU
		{7871A7C7-36F4-4EBA-8ACC-0184A4E34404}.Release|Any CPU.Build.0 = Release|Any CPU
	EndGlobalSection
	GlobalSection(SolutionProperties) = preSolution
		HideSolutionNode = FALSE
	EndGlobalSection
EndGlobal
