
Microsoft Visual Studio Solution File, Format Version 12.00
# Visual Studio 2013
VisualStudioVersion = 12.0.21005.1
MinimumVisualStudioVersion = 10.0.40219.1
Project("{FAE04EC0-301F-11D3-BF4B-00C04F79EFBC}") = "family", "family\family.csproj", "{EE2C9D71-A005-43EA-A741-1E93714F3510}"
EndProject
Project("{2150E333-8FDC-42A3-9474-1A3956D46DE8}") = "WebUI", "WebUI", "{C5B58832-9A39-43FC-8FB2-E75C938B931C}"
EndProject
Project("{2150E333-8FDC-42A3-9474-1A3956D46DE8}") = "Lib", "Lib", "{0E47E674-C85C-477A-81D7-F2D9BA054677}"
EndProject
Project("{2150E333-8FDC-42A3-9474-1A3956D46DE8}") = "Biz", "Biz", "{A9258216-5BEC-4C3E-AD59-93122A15040A}"
EndProject
Project("{FAE04EC0-301F-11D3-BF4B-00C04F79EFBC}") = "DataAccess", "DataAccess\DataAccess.csproj", "{A596E8C0-159D-472E-9900-876F428F1933}"
EndProject
Project("{FAE04EC0-301F-11D3-BF4B-00C04F79EFBC}") = "Common", "Common\Common.csproj", "{873F5E6D-609A-4595-88E9-3DCAB0E7D4C1}"
EndProject
Project("{FAE04EC0-301F-11D3-BF4B-00C04F79EFBC}") = "SystemFramework", "SystemFramework\SystemFramework.csproj", "{035AB251-873E-46A2-A8CD-CB62DFD5B3C7}"
EndProject
Project("{FAE04EC0-301F-11D3-BF4B-00C04F79EFBC}") = "BAL", "BAL\BAL.csproj", "{1F655F74-174E-4CEB-BF4F-352A6586BFCB}"
EndProject
Project("{FAE04EC0-301F-11D3-BF4B-00C04F79EFBC}") = "jquery-easyui", "..\jquery-easyui\jquery-easyui.csproj", "{071600B5-8788-4217-9DBA-AB6B394D7EA5}"
EndProject
Project("{FAE04EC0-301F-11D3-BF4B-00C04F79EFBC}") = "easydialog", "easydialog\easydialog.csproj", "{44E6AACA-C13F-41C3-8DDC-70B2D2307D5D}"
EndProject
Project("{FAE04EC0-301F-11D3-BF4B-00C04F79EFBC}") = "adressDEMO", "..\adressDEMO\adressDEMO\adressDEMO.csproj", "{C9C46C14-1FF4-452C-9F76-9F593489EF03}"
EndProject
Global
	GlobalSection(SolutionConfigurationPlatforms) = preSolution
		Debug|Any CPU = Debug|Any CPU
		Release|Any CPU = Release|Any CPU
	EndGlobalSection
	GlobalSection(ProjectConfigurationPlatforms) = postSolution
		{EE2C9D71-A005-43EA-A741-1E93714F3510}.Debug|Any CPU.ActiveCfg = Debug|Any CPU
		{EE2C9D71-A005-43EA-A741-1E93714F3510}.Debug|Any CPU.Build.0 = Debug|Any CPU
		{EE2C9D71-A005-43EA-A741-1E93714F3510}.Release|Any CPU.ActiveCfg = Release|Any CPU
		{EE2C9D71-A005-43EA-A741-1E93714F3510}.Release|Any CPU.Build.0 = Release|Any CPU
		{A596E8C0-159D-472E-9900-876F428F1933}.Debug|Any CPU.ActiveCfg = Debug|Any CPU
		{A596E8C0-159D-472E-9900-876F428F1933}.Debug|Any CPU.Build.0 = Debug|Any CPU
		{A596E8C0-159D-472E-9900-876F428F1933}.Release|Any CPU.ActiveCfg = Release|Any CPU
		{A596E8C0-159D-472E-9900-876F428F1933}.Release|Any CPU.Build.0 = Release|Any CPU
		{873F5E6D-609A-4595-88E9-3DCAB0E7D4C1}.Debug|Any CPU.ActiveCfg = Debug|Any CPU
		{873F5E6D-609A-4595-88E9-3DCAB0E7D4C1}.Debug|Any CPU.Build.0 = Debug|Any CPU
		{873F5E6D-609A-4595-88E9-3DCAB0E7D4C1}.Release|Any CPU.ActiveCfg = Release|Any CPU
		{873F5E6D-609A-4595-88E9-3DCAB0E7D4C1}.Release|Any CPU.Build.0 = Release|Any CPU
		{035AB251-873E-46A2-A8CD-CB62DFD5B3C7}.Debug|Any CPU.ActiveCfg = Debug|Any CPU
		{035AB251-873E-46A2-A8CD-CB62DFD5B3C7}.Debug|Any CPU.Build.0 = Debug|Any CPU
		{035AB251-873E-46A2-A8CD-CB62DFD5B3C7}.Release|Any CPU.ActiveCfg = Release|Any CPU
		{035AB251-873E-46A2-A8CD-CB62DFD5B3C7}.Release|Any CPU.Build.0 = Release|Any CPU
		{1F655F74-174E-4CEB-BF4F-352A6586BFCB}.Debug|Any CPU.ActiveCfg = Debug|Any CPU
		{1F655F74-174E-4CEB-BF4F-352A6586BFCB}.Debug|Any CPU.Build.0 = Debug|Any CPU
		{1F655F74-174E-4CEB-BF4F-352A6586BFCB}.Release|Any CPU.ActiveCfg = Release|Any CPU
		{1F655F74-174E-4CEB-BF4F-352A6586BFCB}.Release|Any CPU.Build.0 = Release|Any CPU
		{071600B5-8788-4217-9DBA-AB6B394D7EA5}.Debug|Any CPU.ActiveCfg = Debug|Any CPU
		{071600B5-8788-4217-9DBA-AB6B394D7EA5}.Debug|Any CPU.Build.0 = Debug|Any CPU
		{071600B5-8788-4217-9DBA-AB6B394D7EA5}.Release|Any CPU.ActiveCfg = Release|Any CPU
		{071600B5-8788-4217-9DBA-AB6B394D7EA5}.Release|Any CPU.Build.0 = Release|Any CPU
		{44E6AACA-C13F-41C3-8DDC-70B2D2307D5D}.Debug|Any CPU.ActiveCfg = Debug|Any CPU
		{44E6AACA-C13F-41C3-8DDC-70B2D2307D5D}.Debug|Any CPU.Build.0 = Debug|Any CPU
		{44E6AACA-C13F-41C3-8DDC-70B2D2307D5D}.Release|Any CPU.ActiveCfg = Release|Any CPU
		{44E6AACA-C13F-41C3-8DDC-70B2D2307D5D}.Release|Any CPU.Build.0 = Release|Any CPU
		{C9C46C14-1FF4-452C-9F76-9F593489EF03}.Debug|Any CPU.ActiveCfg = Debug|Any CPU
		{C9C46C14-1FF4-452C-9F76-9F593489EF03}.Debug|Any CPU.Build.0 = Debug|Any CPU
		{C9C46C14-1FF4-452C-9F76-9F593489EF03}.Release|Any CPU.ActiveCfg = Release|Any CPU
		{C9C46C14-1FF4-452C-9F76-9F593489EF03}.Release|Any CPU.Build.0 = Release|Any CPU
	EndGlobalSection
	GlobalSection(SolutionProperties) = preSolution
		HideSolutionNode = FALSE
	EndGlobalSection
	GlobalSection(NestedProjects) = preSolution
		{EE2C9D71-A005-43EA-A741-1E93714F3510} = {C5B58832-9A39-43FC-8FB2-E75C938B931C}
		{071600B5-8788-4217-9DBA-AB6B394D7EA5} = {C5B58832-9A39-43FC-8FB2-E75C938B931C}
		{44E6AACA-C13F-41C3-8DDC-70B2D2307D5D} = {C5B58832-9A39-43FC-8FB2-E75C938B931C}
		{C9C46C14-1FF4-452C-9F76-9F593489EF03} = {C5B58832-9A39-43FC-8FB2-E75C938B931C}
		{A596E8C0-159D-472E-9900-876F428F1933} = {0E47E674-C85C-477A-81D7-F2D9BA054677}
		{873F5E6D-609A-4595-88E9-3DCAB0E7D4C1} = {0E47E674-C85C-477A-81D7-F2D9BA054677}
		{035AB251-873E-46A2-A8CD-CB62DFD5B3C7} = {0E47E674-C85C-477A-81D7-F2D9BA054677}
		{1F655F74-174E-4CEB-BF4F-352A6586BFCB} = {A9258216-5BEC-4C3E-AD59-93122A15040A}
	EndGlobalSection
EndGlobal
